
Microsoft Visual Studio Solution File, Format Version 11.00
# Visual Studio 2010
Project("{FAE04EC0-301F-11D3-BF4B-00C04F79EFBC}") = "Assembly-CSharp", "Assembly-CSharp.csproj", "{ea03e0e6-c491-12b7-c05d-497320970ad0}"
EndProject
Project("{FAE04EC0-301F-11D3-BF4B-00C04F79EFBC}") = "Assembly-CSharp-Editor", "Assembly-CSharp-Editor.csproj", "{5b7eb5b3-19fe-e54b-7701-7b07e1d43d7d}"
EndProject
Global
	GlobalSection(SolutionConfigurationPlatforms) = preSolution
		Debug|Any CPU = Debug|Any CPU
	EndGlobalSection
	GlobalSection(ProjectConfigurationPlatforms) = postSolution
		{ea03e0e6-c491-12b7-c05d-497320970ad0}.Debug|Any CPU.ActiveCfg = Debug|Any CPU
		{ea03e0e6-c491-12b7-c05d-497320970ad0}.Debug|Any CPU.Build.0 = Debug|Any CPU
		{5b7eb5b3-19fe-e54b-7701-7b07e1d43d7d}.Debug|Any CPU.ActiveCfg = Debug|Any CPU
		{5b7eb5b3-19fe-e54b-7701-7b07e1d43d7d}.Debug|Any CPU.Build.0 = Debug|Any CPU
	EndGlobalSection
	GlobalSection(SolutionProperties) = preSolution
		HideSolutionNode = FALSE
	EndGlobalSection
EndGlobal
